<?xml version="1.0" encoding="utf-8"?>
<Project ToolsVersion="4.0" xmlns="http://schemas.microsoft.com/developer/msbuild/2003">
  <ItemGroup>
    <Filter Include="Исходные файлы">
      <UniqueIdentifier>{4FC737F1-C7A5-4376-A066-2A32D752A2FF}</UniqueIdentifier>
      <Extensions>cpp;c;cc;cxx;def;odl;idl;hpj;bat;asm;asmx</Extensions>
    </Filter>
    <Filter Include="Файлы заголовков">
      <UniqueIdentifier>{93995380-89BD-4b04-88EB-625FBE52EBFB}</UniqueIdentifier>
      <Extensions>h;hh;hpp;hxx;hm;inl;inc;ipp;xsd</Extensions>
    </Filter>
    <Filter Include="Файлы ресурсов">
      <UniqueIdentifier>{67DA6AB6-F800-4c08-8B7A-83BB121AAD01}</UniqueIdentifier>
      <Extensions>rc;ico;cur;bmp;dlg;rc2;rct;bin;rgs;gif;jpg;jpeg;jpe;resx;tiff;tif;png;wav;mfcribbon-ms</Extensions>
    </Filter>
    <Filter Include="Файлы ресурсов\functions lib">
      <UniqueIdentifier>{a7cac63e-2729-4287-bf19-8135e9f215e5}</UniqueIdentifier>
    </Filter>
    <Filter Include="Файлы ресурсов\drawer">
      <UniqueIdentifier>{b2a90a47-4043-41a0-8532-8266ccb9ae57}</UniqueIdentifier>
    </Filter>
    <Filter Include="Файлы ресурсов\menu">
      <UniqueIdentifier>{618a7741-28c2-4e03-ab6c-9022b760a143}</UniqueIdentifier>
    </Filter>
    <Filter Include="Файлы ресурсов\dialog window">
      <UniqueIdentifier>{b843aa5f-359b-4196-a6e8-c820940094a2}</UniqueIdentifier>
    </Filter>
  </ItemGroup>
  <ItemGroup>
    <ClCompile Include="main.cpp">
      <Filter>Файлы ресурсов</Filter>
    </ClCompile>
    <ClCompile Include="menuParser.cpp">
      <Filter>Файлы ресурсов\menu</Filter>
    </ClCompile>
    <ClCompile Include="menuFunctions.cpp">
      <Filter>Файлы ресурсов\functions lib</Filter>
    </ClCompile>
    <ClCompile Include="drawer.cpp">
      <Filter>Файлы ресурсов\drawer</Filter>
    </ClCompile>
    <ClCompile Include="dialogWindow.cpp">
      <Filter>Файлы ресурсов\dialog window</Filter>
    </ClCompile>
  </ItemGroup>
  <ItemGroup>
    <ClInclude Include="menuParser.h">
      <Filter>Файлы ресурсов\menu</Filter>
    </ClInclude>
    <ClInclude Include="menuFunctions.h">
      <Filter>Файлы ресурсов\functions lib</Filter>
    </ClInclude>
    <ClInclude Include="drawer.h">
      <Filter>Файлы ресурсов\drawer</Filter>
    </ClInclude>
    <ClInclude Include="dialogWindow.h">
      <Filter>Файлы ресурсов\dialog window</Filter>
    </ClInclude>
  </ItemGroup>
</Project>